// !$*UTF8*$!
{
	archiveVersion = 1;
	classes = {
	};
	objectVersion = 56;
	objects = {

/* Begin PBXBuildFile section */
		94A10C7B3D49D5574C819EB1 /* Pods_ToDo_List_Realm.framework in Frameworks */ = {isa = PBXBuildFile; fileRef = FB99D3148B6AD5BE0B8FEAEE /* Pods_ToDo_List_Realm.framework */; };
		E06B3D092950825400ACD791 /* Task.swift in Sources */ = {isa = PBXBuildFile; fileRef = E06B3D082950825400ACD791 /* Task.swift */; };
		E06B3D0B2950835400ACD791 /* TasksList.swift in Sources */ = {isa = PBXBuildFile; fileRef = E06B3D0A2950835400ACD791 /* TasksList.swift */; };
		E06B3D0D29508B8F00ACD791 /* StorageManager.swift in Sources */ = {isa = PBXBuildFile; fileRef = E06B3D0C29508B8F00ACD791 /* StorageManager.swift */; };
		E06E0F5A294F3B5100BEC9FC /* AppDelegate.swift in Sources */ = {isa = PBXBuildFile; fileRef = E06E0F59294F3B5100BEC9FC /* AppDelegate.swift */; };
		E06E0F5C294F3B5100BEC9FC /* SceneDelegate.swift in Sources */ = {isa = PBXBuildFile; fileRef = E06E0F5B294F3B5100BEC9FC /* SceneDelegate.swift */; };
		E06E0F64294F3B5100BEC9FC /* ToDo_List_Realm.xcdatamodeld in Sources */ = {isa = PBXBuildFile; fileRef = E06E0F62294F3B5100BEC9FC /* ToDo_List_Realm.xcdatamodeld */; };
		E06E0F66294F3B5300BEC9FC /* Assets.xcassets in Resources */ = {isa = PBXBuildFile; fileRef = E06E0F65294F3B5300BEC9FC /* Assets.xcassets */; };
		E06E0F69294F3B5300BEC9FC /* LaunchScreen.storyboard in Resources */ = {isa = PBXBuildFile; fileRef = E06E0F67294F3B5300BEC9FC /* LaunchScreen.storyboard */; };
		E06E0F71294F3D3700BEC9FC /* Router.swift in Sources */ = {isa = PBXBuildFile; fileRef = E06E0F70294F3D3700BEC9FC /* Router.swift */; };
		E06E0F73294F3DEA00BEC9FC /* TasksAssembly.swift in Sources */ = {isa = PBXBuildFile; fileRef = E06E0F72294F3DEA00BEC9FC /* TasksAssembly.swift */; };
		E06E0F75294F4ABA00BEC9FC /* TasksListViewController.swift in Sources */ = {isa = PBXBuildFile; fileRef = E06E0F74294F4ABA00BEC9FC /* TasksListViewController.swift */; };
		E06E0F77294F4B7700BEC9FC /* DetailTaskViewController.swift in Sources */ = {isa = PBXBuildFile; fileRef = E06E0F76294F4B7700BEC9FC /* DetailTaskViewController.swift */; };
		E06E0F79294F4CC100BEC9FC /* TaskCell.swift in Sources */ = {isa = PBXBuildFile; fileRef = E06E0F78294F4CC100BEC9FC /* TaskCell.swift */; };
		E0E843602951C9B400322343 /* DatabaseFilling.swift in Sources */ = {isa = PBXBuildFile; fileRef = E0E8435F2951C9B400322343 /* DatabaseFilling.swift */; };
/* End PBXBuildFile section */

/* Begin PBXFileReference section */
		B68EB77AA4A32E01A0BD0D8C /* Pods-ToDo List Realm.release.xcconfig */ = {isa = PBXFileReference; includeInIndex = 1; lastKnownFileType = text.xcconfig; name = "Pods-ToDo List Realm.release.xcconfig"; path = "Target Support Files/Pods-ToDo List Realm/Pods-ToDo List Realm.release.xcconfig"; sourceTree = "<group>"; };
		D759423F3405E12C46D6F432 /* Pods-ToDo List Realm.debug.xcconfig */ = {isa = PBXFileReference; includeInIndex = 1; lastKnownFileType = text.xcconfig; name = "Pods-ToDo List Realm.debug.xcconfig"; path = "Target Support Files/Pods-ToDo List Realm/Pods-ToDo List Realm.debug.xcconfig"; sourceTree = "<group>"; };
		E06B3D082950825400ACD791 /* Task.swift */ = {isa = PBXFileReference; lastKnownFileType = sourcecode.swift; path = Task.swift; sourceTree = "<group>"; };
		E06B3D0A2950835400ACD791 /* TasksList.swift */ = {isa = PBXFileReference; lastKnownFileType = sourcecode.swift; path = TasksList.swift; sourceTree = "<group>"; };
		E06B3D0C29508B8F00ACD791 /* StorageManager.swift */ = {isa = PBXFileReference; lastKnownFileType = sourcecode.swift; path = StorageManager.swift; sourceTree = "<group>"; };
		E06E0F56294F3B5100BEC9FC /* ToDo List Realm.app */ = {isa = PBXFileReference; explicitFileType = wrapper.application; includeInIndex = 0; path = "ToDo List Realm.app"; sourceTree = BUILT_PRODUCTS_DIR; };
		E06E0F59294F3B5100BEC9FC /* AppDelegate.swift */ = {isa = PBXFileReference; lastKnownFileType = sourcecode.swift; path = AppDelegate.swift; sourceTree = "<group>"; };
		E06E0F5B294F3B5100BEC9FC /* SceneDelegate.swift */ = {isa = PBXFileReference; lastKnownFileType = sourcecode.swift; path = SceneDelegate.swift; sourceTree = "<group>"; };
		E06E0F63294F3B5100BEC9FC /* ToDo_List_Realm.xcdatamodel */ = {isa = PBXFileReference; lastKnownFileType = wrapper.xcdatamodel; path = ToDo_List_Realm.xcdatamodel; sourceTree = "<group>"; };
		E06E0F65294F3B5300BEC9FC /* Assets.xcassets */ = {isa = PBXFileReference; lastKnownFileType = folder.assetcatalog; path = Assets.xcassets; sourceTree = "<group>"; };
		E06E0F68294F3B5300BEC9FC /* Base */ = {isa = PBXFileReference; lastKnownFileType = file.storyboard; name = Base; path = Base.lproj/LaunchScreen.storyboard; sourceTree = "<group>"; };
		E06E0F6A294F3B5300BEC9FC /* Info.plist */ = {isa = PBXFileReference; lastKnownFileType = text.plist.xml; path = Info.plist; sourceTree = "<group>"; };
		E06E0F70294F3D3700BEC9FC /* Router.swift */ = {isa = PBXFileReference; lastKnownFileType = sourcecode.swift; path = Router.swift; sourceTree = "<group>"; };
		E06E0F72294F3DEA00BEC9FC /* TasksAssembly.swift */ = {isa = PBXFileReference; lastKnownFileType = sourcecode.swift; path = TasksAssembly.swift; sourceTree = "<group>"; };
		E06E0F74294F4ABA00BEC9FC /* TasksListViewController.swift */ = {isa = PBXFileReference; lastKnownFileType = sourcecode.swift; path = TasksListViewController.swift; sourceTree = "<group>"; };
		E06E0F76294F4B7700BEC9FC /* DetailTaskViewController.swift */ = {isa = PBXFileReference; lastKnownFileType = sourcecode.swift; path = DetailTaskViewController.swift; sourceTree = "<group>"; };
		E06E0F78294F4CC100BEC9FC /* TaskCell.swift */ = {isa = PBXFileReference; lastKnownFileType = sourcecode.swift; path = TaskCell.swift; sourceTree = "<group>"; };
		E0E8435F2951C9B400322343 /* DatabaseFilling.swift */ = {isa = PBXFileReference; lastKnownFileType = sourcecode.swift; path = DatabaseFilling.swift; sourceTree = "<group>"; };
		FB99D3148B6AD5BE0B8FEAEE /* Pods_ToDo_List_Realm.framework */ = {isa = PBXFileReference; explicitFileType = wrapper.framework; includeInIndex = 0; path = Pods_ToDo_List_Realm.framework; sourceTree = BUILT_PRODUCTS_DIR; };
/* End PBXFileReference section */

/* Begin PBXFrameworksBuildPhase section */
		E06E0F53294F3B5100BEC9FC /* Frameworks */ = {
			isa = PBXFrameworksBuildPhase;
			buildActionMask = 2147483647;
			files = (
				94A10C7B3D49D5574C819EB1 /* Pods_ToDo_List_Realm.framework in Frameworks */,
			);
			runOnlyForDeploymentPostprocessing = 0;
		};
/* End PBXFrameworksBuildPhase section */

/* Begin PBXGroup section */
		6208A878A4D1144F6BB8C6C3 /* Pods */ = {
			isa = PBXGroup;
			children = (
				D759423F3405E12C46D6F432 /* Pods-ToDo List Realm.debug.xcconfig */,
				B68EB77AA4A32E01A0BD0D8C /* Pods-ToDo List Realm.release.xcconfig */,
			);
			path = Pods;
			sourceTree = "<group>";
		};
		A3715749E67DD4F77968ABC7 /* Frameworks */ = {
			isa = PBXGroup;
			children = (
				FB99D3148B6AD5BE0B8FEAEE /* Pods_ToDo_List_Realm.framework */,
			);
			name = Frameworks;
			sourceTree = "<group>";
		};
		E06B3D072950824400ACD791 /* Model */ = {
			isa = PBXGroup;
			children = (
				E06B3D082950825400ACD791 /* Task.swift */,
				E06B3D0A2950835400ACD791 /* TasksList.swift */,
			);
			path = Model;
			sourceTree = "<group>";
		};
		E06E0F4D294F3B5100BEC9FC = {
			isa = PBXGroup;
			children = (
				E06E0F58294F3B5100BEC9FC /* ToDo List Realm */,
				E06E0F57294F3B5100BEC9FC /* Products */,
				6208A878A4D1144F6BB8C6C3 /* Pods */,
				A3715749E67DD4F77968ABC7 /* Frameworks */,
			);
			sourceTree = "<group>";
		};
		E06E0F57294F3B5100BEC9FC /* Products */ = {
			isa = PBXGroup;
			children = (
				E06E0F56294F3B5100BEC9FC /* ToDo List Realm.app */,
			);
			name = Products;
			sourceTree = "<group>";
		};
		E06E0F58294F3B5100BEC9FC /* ToDo List Realm */ = {
			isa = PBXGroup;
			children = (
				E06E0F59294F3B5100BEC9FC /* AppDelegate.swift */,
				E06E0F5B294F3B5100BEC9FC /* SceneDelegate.swift */,
				E06E0F74294F4ABA00BEC9FC /* TasksListViewController.swift */,
				E0E8435F2951C9B400322343 /* DatabaseFilling.swift */,
				E06B3D0C29508B8F00ACD791 /* StorageManager.swift */,
				E06E0F78294F4CC100BEC9FC /* TaskCell.swift */,
				E06E0F76294F4B7700BEC9FC /* DetailTaskViewController.swift */,
				E06B3D072950824400ACD791 /* Model */,
				E06E0F70294F3D3700BEC9FC /* Router.swift */,
				E06E0F72294F3DEA00BEC9FC /* TasksAssembly.swift */,
				E06E0F65294F3B5300BEC9FC /* Assets.xcassets */,
				E06E0F67294F3B5300BEC9FC /* LaunchScreen.storyboard */,
				E06E0F6A294F3B5300BEC9FC /* Info.plist */,
				E06E0F62294F3B5100BEC9FC /* ToDo_List_Realm.xcdatamodeld */,
			);
			path = "ToDo List Realm";
			sourceTree = "<group>";
		};
/* End PBXGroup section */

/* Begin PBXNativeTarget section */
		E06E0F55294F3B5100BEC9FC /* ToDo List Realm */ = {
			isa = PBXNativeTarget;
			buildConfigurationList = E06E0F6D294F3B5300BEC9FC /* Build configuration list for PBXNativeTarget "ToDo List Realm" */;
			buildPhases = (
				0CAE48951AF02E0BBF8A5386 /* [CP] Check Pods Manifest.lock */,
				E06E0F52294F3B5100BEC9FC /* Sources */,
				E06E0F53294F3B5100BEC9FC /* Frameworks */,
				E06E0F54294F3B5100BEC9FC /* Resources */,
				D07DC4F8583DCD0E66DC78E4 /* [CP] Embed Pods Frameworks */,
			);
			buildRules = (
			);
			dependencies = (
			);
			name = "ToDo List Realm";
			productName = "ToDo List Realm";
			productReference = E06E0F56294F3B5100BEC9FC /* ToDo List Realm.app */;
			productType = "com.apple.product-type.application";
		};
/* End PBXNativeTarget section */

/* Begin PBXProject section */
		E06E0F4E294F3B5100BEC9FC /* Project object */ = {
			isa = PBXProject;
			attributes = {
				BuildIndependentTargetsInParallel = 1;
				LastSwiftUpdateCheck = 1420;
				LastUpgradeCheck = 1420;
				TargetAttributes = {
					E06E0F55294F3B5100BEC9FC = {
						CreatedOnToolsVersion = 14.2;
					};
				};
			};
			buildConfigurationList = E06E0F51294F3B5100BEC9FC /* Build configuration list for PBXProject "ToDo List Realm" */;
			compatibilityVersion = "Xcode 14.0";
			developmentRegion = en;
			hasScannedForEncodings = 0;
			knownRegions = (
				en,
				Base,
			);
			mainGroup = E06E0F4D294F3B5100BEC9FC;
			productRefGroup = E06E0F57294F3B5100BEC9FC /* Products */;
			projectDirPath = "";
			projectRoot = "";
			targets = (
				E06E0F55294F3B5100BEC9FC /* ToDo List Realm */,
			);
		};
/* End PBXProject section */

/* Begin PBXResourcesBuildPhase section */
		E06E0F54294F3B5100BEC9FC /* Resources */ = {
			isa = PBXResourcesBuildPhase;
			buildActionMask = 2147483647;
			files = (
				E06E0F69294F3B5300BEC9FC /* LaunchScreen.storyboard in Resources */,
				E06E0F66294F3B5300BEC9FC /* Assets.xcassets in Resources */,
			);
			runOnlyForDeploymentPostprocessing = 0;
		};
/* End PBXResourcesBuildPhase section */

/* Begin PBXShellScriptBuildPhase section */
		0CAE48951AF02E0BBF8A5386 /* [CP] Check Pods Manifest.lock */ = {
			isa = PBXShellScriptBuildPhase;
			buildActionMask = 2147483647;
			files = (
			);
			inputFileListPaths = (
			);
			inputPaths = (
				"${PODS_PODFILE_DIR_PATH}/Podfile.lock",
				"${PODS_ROOT}/Manifest.lock",
			);
			name = "[CP] Check Pods Manifest.lock";
			outputFileListPaths = (
			);
			outputPaths = (
				"$(DERIVED_FILE_DIR)/Pods-ToDo List Realm-checkManifestLockResult.txt",
			);
			runOnlyForDeploymentPostprocessing = 0;
			shellPath = /bin/sh;
			shellScript = "diff \"${PODS_PODFILE_DIR_PATH}/Podfile.lock\" \"${PODS_ROOT}/Manifest.lock\" > /dev/null\nif [ $? != 0 ] ; then\n    # print error to STDERR\n    echo \"error: The sandbox is not in sync with the Podfile.lock. Run 'pod install' or update your CocoaPods installation.\" >&2\n    exit 1\nfi\n# This output is used by Xcode 'outputs' to avoid re-running this script phase.\necho \"SUCCESS\" > \"${SCRIPT_OUTPUT_FILE_0}\"\n";
			showEnvVarsInLog = 0;
		};
		D07DC4F8583DCD0E66DC78E4 /* [CP] Embed Pods Frameworks */ = {
			isa = PBXShellScriptBuildPhase;
			buildActionMask = 2147483647;
			files = (
			);
			inputFileListPaths = (
				"${PODS_ROOT}/Target Support Files/Pods-ToDo List Realm/Pods-ToDo List Realm-frameworks-${CONFIGURATION}-input-files.xcfilelist",
			);
			name = "[CP] Embed Pods Frameworks";
			outputFileListPaths = (
				"${PODS_ROOT}/Target Support Files/Pods-ToDo List Realm/Pods-ToDo List Realm-frameworks-${CONFIGURATION}-output-files.xcfilelist",
			);
			runOnlyForDeploymentPostprocessing = 0;
			shellPath = /bin/sh;
			shellScript = "\"${PODS_ROOT}/Target Support Files/Pods-ToDo List Realm/Pods-ToDo List Realm-frameworks.sh\"\n";
			showEnvVarsInLog = 0;
		};
/* End PBXShellScriptBuildPhase section */

/* Begin PBXSourcesBuildPhase section */
		E06E0F52294F3B5100BEC9FC /* Sources */ = {
			isa = PBXSourcesBuildPhase;
			buildActionMask = 2147483647;
			files = (
				E06E0F64294F3B5100BEC9FC /* ToDo_List_Realm.xcdatamodeld in Sources */,
				E0E843602951C9B400322343 /* DatabaseFilling.swift in Sources */,
				E06B3D092950825400ACD791 /* Task.swift in Sources */,
				E06B3D0D29508B8F00ACD791 /* StorageManager.swift in Sources */,
				E06E0F71294F3D3700BEC9FC /* Router.swift in Sources */,
				E06E0F75294F4ABA00BEC9FC /* TasksListViewController.swift in Sources */,
				E06E0F5A294F3B5100BEC9FC /* AppDelegate.swift in Sources */,
				E06E0F73294F3DEA00BEC9FC /* TasksAssembly.swift in Sources */,
				E06E0F77294F4B7700BEC9FC /* DetailTaskViewController.swift in Sources */,
				E06E0F5C294F3B5100BEC9FC /* SceneDelegate.swift in Sources */,
				E06B3D0B2950835400ACD791 /* TasksList.swift in Sources */,
				E06E0F79294F4CC100BEC9FC /* TaskCell.swift in Sources */,
			);
			runOnlyForDeploymentPostprocessing = 0;
		};
/* End PBXSourcesBuildPhase section */

/* Begin PBXVariantGroup section */
		E06E0F67294F3B5300BEC9FC /* LaunchScreen.storyboard */ = {
			isa = PBXVariantGroup;
			children = (
				E06E0F68294F3B5300BEC9FC /* Base */,
			);
			name = LaunchScreen.storyboard;
			sourceTree = "<group>";
		};
/* End PBXVariantGroup section */

/* Begin XCBuildConfiguration section */
		E06E0F6B294F3B5300BEC9FC /* Debug */ = {
			isa = XCBuildConfiguration;
			buildSettings = {
				ALWAYS_SEARCH_USER_PATHS = NO;
				CLANG_ANALYZER_NONNULL = YES;
				CLANG_ANALYZER_NUMBER_OBJECT_CONVERSION = YES_AGGRESSIVE;
				CLANG_CXX_LANGUAGE_STANDARD = "gnu++20";
				CLANG_ENABLE_MODULES = YES;
				CLANG_ENABLE_OBJC_ARC = YES;
				CLANG_ENABLE_OBJC_WEAK = YES;
				CLANG_WARN_BLOCK_CAPTURE_AUTORELEASING = YES;
				CLANG_WARN_BOOL_CONVERSION = YES;
				CLANG_WARN_COMMA = YES;
				CLANG_WARN_CONSTANT_CONVERSION = YES;
				CLANG_WARN_DEPRECATED_OBJC_IMPLEMENTATIONS = YES;
				CLANG_WARN_DIRECT_OBJC_ISA_USAGE = YES_ERROR;
				CLANG_WARN_DOCUMENTATION_COMMENTS = YES;
				CLANG_WARN_EMPTY_BODY = YES;
				CLANG_WARN_ENUM_CONVERSION = YES;
				CLANG_WARN_INFINITE_RECURSION = YES;
				CLANG_WARN_INT_CONVERSION = YES;
				CLANG_WARN_NON_LITERAL_NULL_CONVERSION = YES;
				CLANG_WARN_OBJC_IMPLICIT_RETAIN_SELF = YES;
				CLANG_WARN_OBJC_LITERAL_CONVERSION = YES;
				CLANG_WARN_OBJC_ROOT_CLASS = YES_ERROR;
				CLANG_WARN_QUOTED_INCLUDE_IN_FRAMEWORK_HEADER = YES;
				CLANG_WARN_RANGE_LOOP_ANALYSIS = YES;
				CLANG_WARN_STRICT_PROTOTYPES = YES;
				CLANG_WARN_SUSPICIOUS_MOVE = YES;
				CLANG_WARN_UNGUARDED_AVAILABILITY = YES_AGGRESSIVE;
				CLANG_WARN_UNREACHABLE_CODE = YES;
				CLANG_WARN__DUPLICATE_METHOD_MATCH = YES;
				COPY_PHASE_STRIP = NO;
				DEBUG_INFORMATION_FORMAT = dwarf;
				ENABLE_STRICT_OBJC_MSGSEND = YES;
				ENABLE_TESTABILITY = YES;
				GCC_C_LANGUAGE_STANDARD = gnu11;
				GCC_DYNAMIC_NO_PIC = NO;
				GCC_NO_COMMON_BLOCKS = YES;
				GCC_OPTIMIZATION_LEVEL = 0;
				GCC_PREPROCESSOR_DEFINITIONS = (
					"DEBUG=1",
					"$(inherited)",
				);
				GCC_WARN_64_TO_32_BIT_CONVERSION = YES;
				GCC_WARN_ABOUT_RETURN_TYPE = YES_ERROR;
				GCC_WARN_UNDECLARED_SELECTOR = YES;
				GCC_WARN_UNINITIALIZED_AUTOS = YES_AGGRESSIVE;
				GCC_WARN_UNUSED_FUNCTION = YES;
				GCC_WARN_UNUSED_VARIABLE = YES;
				IPHONEOS_DEPLOYMENT_TARGET = 16.2;
				MTL_ENABLE_DEBUG_INFO = INCLUDE_SOURCE;
				MTL_FAST_MATH = YES;
				ONLY_ACTIVE_ARCH = YES;
				SDKROOT = iphoneos;
				SWIFT_ACTIVE_COMPILATION_CONDITIONS = DEBUG;
				SWIFT_OPTIMIZATION_LEVEL = "-Onone";
			};
			name = Debug;
		};
		E06E0F6C294F3B5300BEC9FC /* Release */ = {
			isa = XCBuildConfiguration;
			buildSettings = {
				ALWAYS_SEARCH_USER_PATHS = NO;
				CLANG_ANALYZER_NONNULL = YES;
				CLANG_ANALYZER_NUMBER_OBJECT_CONVERSION = YES_AGGRESSIVE;
				CLANG_CXX_LANGUAGE_STANDARD = "gnu++20";
				CLANG_ENABLE_MODULES = YES;
				CLANG_ENABLE_OBJC_ARC = YES;
				CLANG_ENABLE_OBJC_WEAK = YES;
				CLANG_WARN_BLOCK_CAPTURE_AUTORELEASING = YES;
				CLANG_WARN_BOOL_CONVERSION = YES;
				CLANG_WARN_COMMA = YES;
				CLANG_WARN_CONSTANT_CONVERSION = YES;
				CLANG_WARN_DEPRECATED_OBJC_IMPLEMENTATIONS = YES;
				CLANG_WARN_DIRECT_OBJC_ISA_USAGE = YES_ERROR;
				CLANG_WARN_DOCUMENTATION_COMMENTS = YES;
				CLANG_WARN_EMPTY_BODY = YES;
				CLANG_WARN_ENUM_CONVERSION = YES;
				CLANG_WARN_INFINITE_RECURSION = YES;
				CLANG_WARN_INT_CONVERSION = YES;
				CLANG_WARN_NON_LITERAL_NULL_CONVERSION = YES;
				CLANG_WARN_OBJC_IMPLICIT_RETAIN_SELF = YES;
				CLANG_WARN_OBJC_LITERAL_CONVERSION = YES;
				CLANG_WARN_OBJC_ROOT_CLASS = YES_ERROR;
				CLANG_WARN_QUOTED_INCLUDE_IN_FRAMEWORK_HEADER = YES;
				CLANG_WARN_RANGE_LOOP_ANALYSIS = YES;
				CLANG_WARN_STRICT_PROTOTYPES = YES;
				CLANG_WARN_SUSPICIOUS_MOVE = YES;
				CLANG_WARN_UNGUARDED_AVAILABILITY = YES_AGGRESSIVE;
				CLANG_WARN_UNREACHABLE_CODE = YES;
				CLANG_WARN__DUPLICATE_METHOD_MATCH = YES;
				COPY_PHASE_STRIP = NO;
				DEBUG_INFORMATION_FORMAT = "dwarf-with-dsym";
				ENABLE_NS_ASSERTIONS = NO;
				ENABLE_STRICT_OBJC_MSGSEND = YES;
				GCC_C_LANGUAGE_STANDARD = gnu11;
				GCC_NO_COMMON_BLOCKS = YES;
				GCC_WARN_64_TO_32_BIT_CONVERSION = YES;
				GCC_WARN_ABOUT_RETURN_TYPE = YES_ERROR;
				GCC_WARN_UNDECLARED_SELECTOR = YES;
				GCC_WARN_UNINITIALIZED_AUTOS = YES_AGGRESSIVE;
				GCC_WARN_UNUSED_FUNCTION = YES;
				GCC_WARN_UNUSED_VARIABLE = YES;
				IPHONEOS_DEPLOYMENT_TARGET = 16.2;
				MTL_ENABLE_DEBUG_INFO = NO;
				MTL_FAST_MATH = YES;
				SDKROOT = iphoneos;
				SWIFT_COMPILATION_MODE = wholemodule;
				SWIFT_OPTIMIZATION_LEVEL = "-O";
				VALIDATE_PRODUCT = YES;
			};
			name = Release;
		};
		E06E0F6E294F3B5300BEC9FC /* Debug */ = {
			isa = XCBuildConfiguration;
			baseConfigurationReference = D759423F3405E12C46D6F432 /* Pods-ToDo List Realm.debug.xcconfig */;
			buildSettings = {
				ASSETCATALOG_COMPILER_APPICON_NAME = AppIcon;
				ASSETCATALOG_COMPILER_GLOBAL_ACCENT_COLOR_NAME = AccentColor;
				CODE_SIGN_STYLE = Automatic;
				CURRENT_PROJECT_VERSION = 1;
				DEVELOPMENT_TEAM = MKKVV86K5G;
				GENERATE_INFOPLIST_FILE = YES;
				INFOPLIST_FILE = "ToDo List Realm/Info.plist";
				INFOPLIST_KEY_UIApplicationSupportsIndirectInputEvents = YES;
				INFOPLIST_KEY_UILaunchStoryboardName = LaunchScreen;
				INFOPLIST_KEY_UISupportedInterfaceOrientations_iPad = "UIInterfaceOrientationPortrait UIInterfaceOrientationPortraitUpsideDown UIInterfaceOrientationLandscapeLeft UIInterfaceOrientationLandscapeRight";
				INFOPLIST_KEY_UISupportedInterfaceOrientations_iPhone = "UIInterfaceOrientationPortrait UIInterfaceOrientationLandscapeLeft UIInterfaceOrientationLandscapeRight";
				LD_RUNPATH_SEARCH_PATHS = (
					"$(inherited)",
					"@executable_path/Frameworks",
				);
				MARKETING_VERSION = 1.0;
				PRODUCT_BUNDLE_IDENTIFIER = "ruShirobokov97-yandex.ToDo-List-Realm";
				PRODUCT_NAME = "$(TARGET_NAME)";
				SWIFT_EMIT_LOC_STRINGS = YES;
				SWIFT_VERSION = 5.0;
				TARGETED_DEVICE_FAMILY = "1,2";
			};
			name = Debug;
		};
		E06E0F6F294F3B5300BEC9FC /* Release */ = {
			isa = XCBuildConfiguration;
			baseConfigurationReference = B68EB77AA4A32E01A0BD0D8C /* Pods-ToDo List Realm.release.xcconfig */;
			buildSettings = {
				ASSETCATALOG_COMPILER_APPICON_NAME = AppIcon;
				ASSETCATALOG_COMPILER_GLOBAL_ACCENT_COLOR_NAME = AccentColor;
				CODE_SIGN_STYLE = Automatic;
				CURRENT_PROJECT_VERSION = 1;
				DEVELOPMENT_TEAM = MKKVV86K5G;
				GENERATE_INFOPLIST_FILE = YES;
				INFOPLIST_FILE = "ToDo List Realm/Info.plist";
				INFOPLIST_KEY_UIApplicationSupportsIndirectInputEvents = YES;
				INFOPLIST_KEY_UILaunchStoryboardName = LaunchScreen;
				INFOPLIST_KEY_UISupportedInterfaceOrientations_iPad = "UIInterfaceOrientationPortrait UIInterfaceOrientationPortraitUpsideDown UIInterfaceOrientationLandscapeLeft UIInterfaceOrientationLandscapeRight";
				INFOPLIST_KEY_UISupportedInterfaceOrientations_iPhone = "UIInterfaceOrientationPortrait UIInterfaceOrientationLandscapeLeft UIInterfaceOrientationLandscapeRight";
				LD_RUNPATH_SEARCH_PATHS = (
					"$(inherited)",
					"@executable_path/Frameworks",
				);
				MARKETING_VERSION = 1.0;
				PRODUCT_BUNDLE_IDENTIFIER = "ruShirobokov97-yandex.ToDo-List-Realm";
				PRODUCT_NAME = "$(TARGET_NAME)";
				SWIFT_EMIT_LOC_STRINGS = YES;
				SWIFT_VERSION = 5.0;
				TARGETED_DEVICE_FAMILY = "1,2";
			};
			name = Release;
		};
/* End XCBuildConfiguration section */

/* Begin XCConfigurationList section */
		E06E0F51294F3B5100BEC9FC /* Build configuration list for PBXProject "ToDo List Realm" */ = {
			isa = XCConfigurationList;
			buildConfigurations = (
				E06E0F6B294F3B5300BEC9FC /* Debug */,
				E06E0F6C294F3B5300BEC9FC /* Release */,
			);
			defaultConfigurationIsVisible = 0;
			defaultConfigurationName = Release;
		};
		E06E0F6D294F3B5300BEC9FC /* Build configuration list for PBXNativeTarget "ToDo List Realm" */ = {
			isa = XCConfigurationList;
			buildConfigurations = (
				E06E0F6E294F3B5300BEC9FC /* Debug */,
				E06E0F6F294F3B5300BEC9FC /* Release */,
			);
			defaultConfigurationIsVisible = 0;
			defaultConfigurationName = Release;
		};
/* End XCConfigurationList section */

/* Begin XCVersionGroup section */
		E06E0F62294F3B5100BEC9FC /* ToDo_List_Realm.xcdatamodeld */ = {
			isa = XCVersionGroup;
			children = (
				E06E0F63294F3B5100BEC9FC /* ToDo_List_Realm.xcdatamodel */,
			);
			currentVersion = E06E0F63294F3B5100BEC9FC /* ToDo_List_Realm.xcdatamodel */;
			path = ToDo_List_Realm.xcdatamodeld;
			sourceTree = "<group>";
			versionGroupType = wrapper.xcdatamodel;
		};
/* End XCVersionGroup section */
	};
	rootObject = E06E0F4E294F3B5100BEC9FC /* Project object */;
}
